// !$*UTF8*$!
{
	archiveVersion = 1;
	classes = {
	};
	objectVersion = 55;
	objects = {

/* Begin PBXBuildFile section */
		FA0E60AE29D9706500B8FD08 /* AppDelegate.swift in Sources */ = {isa = PBXBuildFile; fileRef = FA0E60AD29D9706500B8FD08 /* AppDelegate.swift */; };
		FA0E60B029D9706500B8FD08 /* SceneDelegate.swift in Sources */ = {isa = PBXBuildFile; fileRef = FA0E60AF29D9706500B8FD08 /* SceneDelegate.swift */; };
		FA0E60B529D9706500B8FD08 /* Main.storyboard in Resources */ = {isa = PBXBuildFile; fileRef = FA0E60B329D9706500B8FD08 /* Main.storyboard */; };
		FA0E60B729D9706700B8FD08 /* Assets.xcassets in Resources */ = {isa = PBXBuildFile; fileRef = FA0E60B629D9706700B8FD08 /* Assets.xcassets */; };
		FA0E60BA29D9706700B8FD08 /* LaunchScreen.storyboard in Resources */ = {isa = PBXBuildFile; fileRef = FA0E60B829D9706700B8FD08 /* LaunchScreen.storyboard */; };
		FA0E60C929D9711500B8FD08 /* PurchaseVC.swift in Sources */ = {isa = PBXBuildFile; fileRef = FA0E60C829D9711500B8FD08 /* PurchaseVC.swift */; };
		FA0E60CE29D9725500B8FD08 /* Colors.swift in Sources */ = {isa = PBXBuildFile; fileRef = FA0E60CD29D9725500B8FD08 /* Colors.swift */; };
		FA0E60D029D9745C00B8FD08 /* Strings.swift in Sources */ = {isa = PBXBuildFile; fileRef = FA0E60CF29D9745C00B8FD08 /* Strings.swift */; };
		FA0E60DA29D9787F00B8FD08 /* Inter-SemiBold.otf in Resources */ = {isa = PBXBuildFile; fileRef = FA0E60D229D9787F00B8FD08 /* Inter-SemiBold.otf */; };
		FA0E60DB29D9787F00B8FD08 /* Inter-Light.otf in Resources */ = {isa = PBXBuildFile; fileRef = FA0E60D329D9787F00B8FD08 /* Inter-Light.otf */; };
		FA0E60DC29D9787F00B8FD08 /* Inter-ExtraLight.otf in Resources */ = {isa = PBXBuildFile; fileRef = FA0E60D429D9787F00B8FD08 /* Inter-ExtraLight.otf */; };
		FA0E60DD29D9787F00B8FD08 /* Inter-ExtraBold.otf in Resources */ = {isa = PBXBuildFile; fileRef = FA0E60D529D9787F00B8FD08 /* Inter-ExtraBold.otf */; };
		FA0E60DE29D9787F00B8FD08 /* Inter-Black.otf in Resources */ = {isa = PBXBuildFile; fileRef = FA0E60D629D9787F00B8FD08 /* Inter-Black.otf */; };
		FA0E60DF29D9787F00B8FD08 /* Inter-Regular.otf in Resources */ = {isa = PBXBuildFile; fileRef = FA0E60D729D9787F00B8FD08 /* Inter-Regular.otf */; };
		FA0E60E029D9787F00B8FD08 /* Inter-Bold.otf in Resources */ = {isa = PBXBuildFile; fileRef = FA0E60D829D9787F00B8FD08 /* Inter-Bold.otf */; };
		FA0E60E129D9787F00B8FD08 /* Inter-Medium.otf in Resources */ = {isa = PBXBuildFile; fileRef = FA0E60D929D9787F00B8FD08 /* Inter-Medium.otf */; };
		FA0E60E529D9868600B8FD08 /* Extenstions+UIView.swift in Sources */ = {isa = PBXBuildFile; fileRef = FA0E60E429D9868600B8FD08 /* Extenstions+UIView.swift */; };
/* End PBXBuildFile section */

/* Begin PBXFileReference section */
		FA0E60AA29D9706500B8FD08 /* MM Purchase.app */ = {isa = PBXFileReference; explicitFileType = wrapper.application; includeInIndex = 0; path = "MM Purchase.app"; sourceTree = BUILT_PRODUCTS_DIR; };
		FA0E60AD29D9706500B8FD08 /* AppDelegate.swift */ = {isa = PBXFileReference; lastKnownFileType = sourcecode.swift; path = AppDelegate.swift; sourceTree = "<group>"; };
		FA0E60AF29D9706500B8FD08 /* SceneDelegate.swift */ = {isa = PBXFileReference; lastKnownFileType = sourcecode.swift; path = SceneDelegate.swift; sourceTree = "<group>"; };
		FA0E60B429D9706500B8FD08 /* Base */ = {isa = PBXFileReference; lastKnownFileType = file.storyboard; name = Base; path = Base.lproj/Main.storyboard; sourceTree = "<group>"; };
		FA0E60B629D9706700B8FD08 /* Assets.xcassets */ = {isa = PBXFileReference; lastKnownFileType = folder.assetcatalog; path = Assets.xcassets; sourceTree = "<group>"; };
		FA0E60B929D9706700B8FD08 /* Base */ = {isa = PBXFileReference; lastKnownFileType = file.storyboard; name = Base; path = Base.lproj/LaunchScreen.storyboard; sourceTree = "<group>"; };
		FA0E60BB29D9706700B8FD08 /* Info.plist */ = {isa = PBXFileReference; lastKnownFileType = text.plist.xml; path = Info.plist; sourceTree = "<group>"; };
		FA0E60C829D9711500B8FD08 /* PurchaseVC.swift */ = {isa = PBXFileReference; lastKnownFileType = sourcecode.swift; path = PurchaseVC.swift; sourceTree = "<group>"; };
		FA0E60CD29D9725500B8FD08 /* Colors.swift */ = {isa = PBXFileReference; lastKnownFileType = sourcecode.swift; path = Colors.swift; sourceTree = "<group>"; };
		FA0E60CF29D9745C00B8FD08 /* Strings.swift */ = {isa = PBXFileReference; lastKnownFileType = sourcecode.swift; path = Strings.swift; sourceTree = "<group>"; };
		FA0E60D229D9787F00B8FD08 /* Inter-SemiBold.otf */ = {isa = PBXFileReference; lastKnownFileType = file; path = "Inter-SemiBold.otf"; sourceTree = "<group>"; };
		FA0E60D329D9787F00B8FD08 /* Inter-Light.otf */ = {isa = PBXFileReference; lastKnownFileType = file; path = "Inter-Light.otf"; sourceTree = "<group>"; };
		FA0E60D429D9787F00B8FD08 /* Inter-ExtraLight.otf */ = {isa = PBXFileReference; lastKnownFileType = file; path = "Inter-ExtraLight.otf"; sourceTree = "<group>"; };
		FA0E60D529D9787F00B8FD08 /* Inter-ExtraBold.otf */ = {isa = PBXFileReference; lastKnownFileType = file; path = "Inter-ExtraBold.otf"; sourceTree = "<group>"; };
		FA0E60D629D9787F00B8FD08 /* Inter-Black.otf */ = {isa = PBXFileReference; lastKnownFileType = file; path = "Inter-Black.otf"; sourceTree = "<group>"; };
		FA0E60D729D9787F00B8FD08 /* Inter-Regular.otf */ = {isa = PBXFileReference; lastKnownFileType = file; path = "Inter-Regular.otf"; sourceTree = "<group>"; };
		FA0E60D829D9787F00B8FD08 /* Inter-Bold.otf */ = {isa = PBXFileReference; lastKnownFileType = file; path = "Inter-Bold.otf"; sourceTree = "<group>"; };
		FA0E60D929D9787F00B8FD08 /* Inter-Medium.otf */ = {isa = PBXFileReference; lastKnownFileType = file; path = "Inter-Medium.otf"; sourceTree = "<group>"; };
		FA0E60E429D9868600B8FD08 /* Extenstions+UIView.swift */ = {isa = PBXFileReference; lastKnownFileType = sourcecode.swift; path = "Extenstions+UIView.swift"; sourceTree = "<group>"; };
/* End PBXFileReference section */

/* Begin PBXFrameworksBuildPhase section */
		FA0E60A729D9706500B8FD08 /* Frameworks */ = {
			isa = PBXFrameworksBuildPhase;
			buildActionMask = 2147483647;
			files = (
			);
			runOnlyForDeploymentPostprocessing = 0;
		};
/* End PBXFrameworksBuildPhase section */

/* Begin PBXGroup section */
		FA0E60A129D9706500B8FD08 = {
			isa = PBXGroup;
			children = (
				FA0E60AC29D9706500B8FD08 /* MM Purchase */,
				FA0E60AB29D9706500B8FD08 /* Products */,
			);
			sourceTree = "<group>";
		};
		FA0E60AB29D9706500B8FD08 /* Products */ = {
			isa = PBXGroup;
			children = (
				FA0E60AA29D9706500B8FD08 /* MM Purchase.app */,
			);
			name = Products;
			sourceTree = "<group>";
		};
		FA0E60AC29D9706500B8FD08 /* MM Purchase */ = {
			isa = PBXGroup;
			children = (
				FA0E60C629D970DA00B8FD08 /* Application */,
				FA0E60C529D970D000B8FD08 /* Constant */,
				FA0E60C429D970C600B8FD08 /* Extenstions */,
				FA0E60C329D970BA00B8FD08 /* Serecns */,
				FA0E60C229D970AE00B8FD08 /* Storyboard */,
				FA0E60C129D970A400B8FD08 /* Resourecs */,
				FA0E60BB29D9706700B8FD08 /* Info.plist */,
			);
			path = "MM Purchase";
			sourceTree = "<group>";
		};
		FA0E60C129D970A400B8FD08 /* Resourecs */ = {
			isa = PBXGroup;
			children = (
				FA0E60D129D9786F00B8FD08 /* Fonts */,
				FA0E60B629D9706700B8FD08 /* Assets.xcassets */,
			);
			path = Resourecs;
			sourceTree = "<group>";
		};
		FA0E60C229D970AE00B8FD08 /* Storyboard */ = {
			isa = PBXGroup;
			children = (
				FA0E60B329D9706500B8FD08 /* Main.storyboard */,
				FA0E60B829D9706700B8FD08 /* LaunchScreen.storyboard */,
			);
			path = Storyboard;
			sourceTree = "<group>";
		};
		FA0E60C329D970BA00B8FD08 /* Serecns */ = {
			isa = PBXGroup;
			children = (
				FA0E60C729D970F300B8FD08 /* Purchase */,
			);
			path = Serecns;
			sourceTree = "<group>";
		};
		FA0E60C429D970C600B8FD08 /* Extenstions */ = {
			isa = PBXGroup;
			children = (
				FA0E60E429D9868600B8FD08 /* Extenstions+UIView.swift */,
			);
			path = Extenstions;
			sourceTree = "<group>";
		};
		FA0E60C529D970D000B8FD08 /* Constant */ = {
			isa = PBXGroup;
			children = (
				FA0E60CD29D9725500B8FD08 /* Colors.swift */,
				FA0E60CF29D9745C00B8FD08 /* Strings.swift */,
			);
			path = Constant;
			sourceTree = "<group>";
		};
		FA0E60C629D970DA00B8FD08 /* Application */ = {
			isa = PBXGroup;
			children = (
				FA0E60AD29D9706500B8FD08 /* AppDelegate.swift */,
				FA0E60AF29D9706500B8FD08 /* SceneDelegate.swift */,
			);
			path = Application;
			sourceTree = "<group>";
		};
		FA0E60C729D970F300B8FD08 /* Purchase */ = {
			isa = PBXGroup;
			children = (
				FA0E60CC29D9713700B8FD08 /* Model */,
				FA0E60CB29D9712F00B8FD08 /* View */,
				FA0E60CA29D9712600B8FD08 /* Controller */,
			);
			path = Purchase;
			sourceTree = "<group>";
		};
		FA0E60CA29D9712600B8FD08 /* Controller */ = {
			isa = PBXGroup;
			children = (
				FA0E60C829D9711500B8FD08 /* PurchaseVC.swift */,
			);
			path = Controller;
			sourceTree = "<group>";
		};
		FA0E60CB29D9712F00B8FD08 /* View */ = {
			isa = PBXGroup;
			children = (
			);
			path = View;
			sourceTree = "<group>";
		};
		FA0E60CC29D9713700B8FD08 /* Model */ = {
			isa = PBXGroup;
			children = (
			);
			path = Model;
			sourceTree = "<group>";
		};
		FA0E60D129D9786F00B8FD08 /* Fonts */ = {
			isa = PBXGroup;
			children = (
				FA0E60D629D9787F00B8FD08 /* Inter-Black.otf */,
				FA0E60D829D9787F00B8FD08 /* Inter-Bold.otf */,
				FA0E60D529D9787F00B8FD08 /* Inter-ExtraBold.otf */,
				FA0E60D429D9787F00B8FD08 /* Inter-ExtraLight.otf */,
				FA0E60D329D9787F00B8FD08 /* Inter-Light.otf */,
				FA0E60D929D9787F00B8FD08 /* Inter-Medium.otf */,
				FA0E60D729D9787F00B8FD08 /* Inter-Regular.otf */,
				FA0E60D229D9787F00B8FD08 /* Inter-SemiBold.otf */,
			);
			path = Fonts;
			sourceTree = "<group>";
		};
/* End PBXGroup section */

/* Begin PBXNativeTarget section */
		FA0E60A929D9706500B8FD08 /* MM Purchase */ = {
			isa = PBXNativeTarget;
			buildConfigurationList = FA0E60BE29D9706700B8FD08 /* Build configuration list for PBXNativeTarget "MM Purchase" */;
			buildPhases = (
				FA0E60A629D9706500B8FD08 /* Sources */,
				FA0E60A729D9706500B8FD08 /* Frameworks */,
				FA0E60A829D9706500B8FD08 /* Resources */,
			);
			buildRules = (
			);
			dependencies = (
			);
			name = "MM Purchase";
			productName = "MM Purchase";
			productReference = FA0E60AA29D9706500B8FD08 /* MM Purchase.app */;
			productType = "com.apple.product-type.application";
		};
/* End PBXNativeTarget section */

/* Begin PBXProject section */
		FA0E60A229D9706500B8FD08 /* Project object */ = {
			isa = PBXProject;
			attributes = {
				BuildIndependentTargetsInParallel = 1;
				LastSwiftUpdateCheck = 1320;
				LastUpgradeCheck = 1320;
				TargetAttributes = {
					FA0E60A929D9706500B8FD08 = {
						CreatedOnToolsVersion = 13.2.1;
					};
				};
			};
			buildConfigurationList = FA0E60A529D9706500B8FD08 /* Build configuration list for PBXProject "MM Purchase" */;
			compatibilityVersion = "Xcode 13.0";
			developmentRegion = en;
			hasScannedForEncodings = 0;
			knownRegions = (
				en,
				Base,
			);
			mainGroup = FA0E60A129D9706500B8FD08;
			productRefGroup = FA0E60AB29D9706500B8FD08 /* Products */;
			projectDirPath = "";
			projectRoot = "";
			targets = (
				FA0E60A929D9706500B8FD08 /* MM Purchase */,
			);
		};
/* End PBXProject section */

/* Begin PBXResourcesBuildPhase section */
		FA0E60A829D9706500B8FD08 /* Resources */ = {
			isa = PBXResourcesBuildPhase;
			buildActionMask = 2147483647;
			files = (
				FA0E60DC29D9787F00B8FD08 /* Inter-ExtraLight.otf in Resources */,
				FA0E60E129D9787F00B8FD08 /* Inter-Medium.otf in Resources */,
				FA0E60E029D9787F00B8FD08 /* Inter-Bold.otf in Resources */,
				FA0E60DB29D9787F00B8FD08 /* Inter-Light.otf in Resources */,
				FA0E60DE29D9787F00B8FD08 /* Inter-Black.otf in Resources */,
				FA0E60BA29D9706700B8FD08 /* LaunchScreen.storyboard in Resources */,
				FA0E60B729D9706700B8FD08 /* Assets.xcassets in Resources */,
				FA0E60B529D9706500B8FD08 /* Main.storyboard in Resources */,
				FA0E60DA29D9787F00B8FD08 /* Inter-SemiBold.otf in Resources */,
				FA0E60DF29D9787F00B8FD08 /* Inter-Regular.otf in Resources */,
				FA0E60DD29D9787F00B8FD08 /* Inter-ExtraBold.otf in Resources */,
			);
			runOnlyForDeploymentPostprocessing = 0;
		};
/* End PBXResourcesBuildPhase section */

/* Begin PBXSourcesBuildPhase section */
		FA0E60A629D9706500B8FD08 /* Sources */ = {
			isa = PBXSourcesBuildPhase;
			buildActionMask = 2147483647;
			files = (
				FA0E60C929D9711500B8FD08 /* PurchaseVC.swift in Sources */,
				FA0E60CE29D9725500B8FD08 /* Colors.swift in Sources */,
				FA0E60D029D9745C00B8FD08 /* Strings.swift in Sources */,
				FA0E60AE29D9706500B8FD08 /* AppDelegate.swift in Sources */,
				FA0E60B029D9706500B8FD08 /* SceneDelegate.swift in Sources */,
				FA0E60E529D9868600B8FD08 /* Extenstions+UIView.swift in Sources */,
			);
			runOnlyForDeploymentPostprocessing = 0;
		};
/* End PBXSourcesBuildPhase section */

/* Begin PBXVariantGroup section */
		FA0E60B329D9706500B8FD08 /* Main.storyboard */ = {
			isa = PBXVariantGroup;
			children = (
				FA0E60B429D9706500B8FD08 /* Base */,
			);
			name = Main.storyboard;
			sourceTree = "<group>";
		};
		FA0E60B829D9706700B8FD08 /* LaunchScreen.storyboard */ = {
			isa = PBXVariantGroup;
			children = (
				FA0E60B929D9706700B8FD08 /* Base */,
			);
			name = LaunchScreen.storyboard;
			sourceTree = "<group>";
		};
/* End PBXVariantGroup section */

/* Begin XCBuildConfiguration section */
		FA0E60BC29D9706700B8FD08 /* Debug */ = {
			isa = XCBuildConfiguration;
			buildSettings = {
				ALWAYS_SEARCH_USER_PATHS = NO;
				CLANG_ANALYZER_NONNULL = YES;
				CLANG_ANALYZER_NUMBER_OBJECT_CONVERSION = YES_AGGRESSIVE;
				CLANG_CXX_LANGUAGE_STANDARD = "gnu++17";
				CLANG_CXX_LIBRARY = "libc++";
				CLANG_ENABLE_MODULES = YES;
				CLANG_ENABLE_OBJC_ARC = YES;
				CLANG_ENABLE_OBJC_WEAK = YES;
				CLANG_WARN_BLOCK_CAPTURE_AUTORELEASING = YES;
				CLANG_WARN_BOOL_CONVERSION = YES;
				CLANG_WARN_COMMA = YES;
				CLANG_WARN_CONSTANT_CONVERSION = YES;
				CLANG_WARN_DEPRECATED_OBJC_IMPLEMENTATIONS = YES;
				CLANG_WARN_DIRECT_OBJC_ISA_USAGE = YES_ERROR;
				CLANG_WARN_DOCUMENTATION_COMMENTS = YES;
				CLANG_WARN_EMPTY_BODY = YES;
				CLANG_WARN_ENUM_CONVERSION = YES;
				CLANG_WARN_INFINITE_RECURSION = YES;
				CLANG_WARN_INT_CONVERSION = YES;
				CLANG_WARN_NON_LITERAL_NULL_CONVERSION = YES;
				CLANG_WARN_OBJC_IMPLICIT_RETAIN_SELF = YES;
				CLANG_WARN_OBJC_LITERAL_CONVERSION = YES;
				CLANG_WARN_OBJC_ROOT_CLASS = YES_ERROR;
				CLANG_WARN_QUOTED_INCLUDE_IN_FRAMEWORK_HEADER = YES;
				CLANG_WARN_RANGE_LOOP_ANALYSIS = YES;
				CLANG_WARN_STRICT_PROTOTYPES = YES;
				CLANG_WARN_SUSPICIOUS_MOVE = YES;
				CLANG_WARN_UNGUARDED_AVAILABILITY = YES_AGGRESSIVE;
				CLANG_WARN_UNREACHABLE_CODE = YES;
				CLANG_WARN__DUPLICATE_METHOD_MATCH = YES;
				COPY_PHASE_STRIP = NO;
				DEBUG_INFORMATION_FORMAT = dwarf;
				ENABLE_STRICT_OBJC_MSGSEND = YES;
				ENABLE_TESTABILITY = YES;
				GCC_C_LANGUAGE_STANDARD = gnu11;
				GCC_DYNAMIC_NO_PIC = NO;
				GCC_NO_COMMON_BLOCKS = YES;
				GCC_OPTIMIZATION_LEVEL = 0;
				GCC_PREPROCESSOR_DEFINITIONS = (
					"DEBUG=1",
					"$(inherited)",
				);
				GCC_WARN_64_TO_32_BIT_CONVERSION = YES;
				GCC_WARN_ABOUT_RETURN_TYPE = YES_ERROR;
				GCC_WARN_UNDECLARED_SELECTOR = YES;
				GCC_WARN_UNINITIALIZED_AUTOS = YES_AGGRESSIVE;
				GCC_WARN_UNUSED_FUNCTION = YES;
				GCC_WARN_UNUSED_VARIABLE = YES;
				IPHONEOS_DEPLOYMENT_TARGET = 15.2;
				MTL_ENABLE_DEBUG_INFO = INCLUDE_SOURCE;
				MTL_FAST_MATH = YES;
				ONLY_ACTIVE_ARCH = YES;
				SDKROOT = iphoneos;
				SWIFT_ACTIVE_COMPILATION_CONDITIONS = DEBUG;
				SWIFT_OPTIMIZATION_LEVEL = "-Onone";
			};
			name = Debug;
		};
		FA0E60BD29D9706700B8FD08 /* Release */ = {
			isa = XCBuildConfiguration;
			buildSettings = {
				ALWAYS_SEARCH_USER_PATHS = NO;
				CLANG_ANALYZER_NONNULL = YES;
				CLANG_ANALYZER_NUMBER_OBJECT_CONVERSION = YES_AGGRESSIVE;
				CLANG_CXX_LANGUAGE_STANDARD = "gnu++17";
				CLANG_CXX_LIBRARY = "libc++";
				CLANG_ENABLE_MODULES = YES;
				CLANG_ENABLE_OBJC_ARC = YES;
				CLANG_ENABLE_OBJC_WEAK = YES;
				CLANG_WARN_BLOCK_CAPTURE_AUTORELEASING = YES;
				CLANG_WARN_BOOL_CONVERSION = YES;
				CLANG_WARN_COMMA = YES;
				CLANG_WARN_CONSTANT_CONVERSION = YES;
				CLANG_WARN_DEPRECATED_OBJC_IMPLEMENTATIONS = YES;
				CLANG_WARN_DIRECT_OBJC_ISA_USAGE = YES_ERROR;
				CLANG_WARN_DOCUMENTATION_COMMENTS = YES;
				CLANG_WARN_EMPTY_BODY = YES;
				CLANG_WARN_ENUM_CONVERSION = YES;
				CLANG_WARN_INFINITE_RECURSION = YES;
				CLANG_WARN_INT_CONVERSION = YES;
				CLANG_WARN_NON_LITERAL_NULL_CONVERSION = YES;
				CLANG_WARN_OBJC_IMPLICIT_RETAIN_SELF = YES;
				CLANG_WARN_OBJC_LITERAL_CONVERSION = YES;
				CLANG_WARN_OBJC_ROOT_CLASS = YES_ERROR;
				CLANG_WARN_QUOTED_INCLUDE_IN_FRAMEWORK_HEADER = YES;
				CLANG_WARN_RANGE_LOOP_ANALYSIS = YES;
				CLANG_WARN_STRICT_PROTOTYPES = YES;
				CLANG_WARN_SUSPICIOUS_MOVE = YES;
				CLANG_WARN_UNGUARDED_AVAILABILITY = YES_AGGRESSIVE;
				CLANG_WARN_UNREACHABLE_CODE = YES;
				CLANG_WARN__DUPLICATE_METHOD_MATCH = YES;
				COPY_PHASE_STRIP = NO;
				DEBUG_INFORMATION_FORMAT = "dwarf-with-dsym";
				ENABLE_NS_ASSERTIONS = NO;
				ENABLE_STRICT_OBJC_MSGSEND = YES;
				GCC_C_LANGUAGE_STANDARD = gnu11;
				GCC_NO_COMMON_BLOCKS = YES;
				GCC_WARN_64_TO_32_BIT_CONVERSION = YES;
				GCC_WARN_ABOUT_RETURN_TYPE = YES_ERROR;
				GCC_WARN_UNDECLARED_SELECTOR = YES;
				GCC_WARN_UNINITIALIZED_AUTOS = YES_AGGRESSIVE;
				GCC_WARN_UNUSED_FUNCTION = YES;
				GCC_WARN_UNUSED_VARIABLE = YES;
				IPHONEOS_DEPLOYMENT_TARGET = 15.2;
				MTL_ENABLE_DEBUG_INFO = NO;
				MTL_FAST_MATH = YES;
				SDKROOT = iphoneos;
				SWIFT_COMPILATION_MODE = wholemodule;
				SWIFT_OPTIMIZATION_LEVEL = "-O";
				VALIDATE_PRODUCT = YES;
			};
			name = Release;
		};
		FA0E60BF29D9706700B8FD08 /* Debug */ = {
			isa = XCBuildConfiguration;
			buildSettings = {
				ASSETCATALOG_COMPILER_APPICON_NAME = AppIcon;
				ASSETCATALOG_COMPILER_GLOBAL_ACCENT_COLOR_NAME = AccentColor;
				CODE_SIGN_STYLE = Automatic;
				CURRENT_PROJECT_VERSION = 1;
				DEVELOPMENT_TEAM = K6BJ9JXQPF;
				GENERATE_INFOPLIST_FILE = YES;
				INFOPLIST_FILE = "MM Purchase/Info.plist";
				INFOPLIST_KEY_UIApplicationSupportsIndirectInputEvents = YES;
				INFOPLIST_KEY_UILaunchStoryboardName = LaunchScreen;
				INFOPLIST_KEY_UIMainStoryboardFile = Main;
				INFOPLIST_KEY_UISupportedInterfaceOrientations = UIInterfaceOrientationPortrait;
				INFOPLIST_KEY_UISupportedInterfaceOrientations_iPad = "UIInterfaceOrientationPortrait UIInterfaceOrientationPortraitUpsideDown UIInterfaceOrientationLandscapeLeft UIInterfaceOrientationLandscapeRight";
				INFOPLIST_KEY_UISupportedInterfaceOrientations_iPhone = "UIInterfaceOrientationPortrait UIInterfaceOrientationLandscapeLeft UIInterfaceOrientationLandscapeRight";
				IPHONEOS_DEPLOYMENT_TARGET = 15.0;
				LD_RUNPATH_SEARCH_PATHS = (
					"$(inherited)",
					"@executable_path/Frameworks",
				);
				MARKETING_VERSION = 1.0;
				PRODUCT_BUNDLE_IDENTIFIER = "com.systemsApp.MM-Purchase";
				PRODUCT_NAME = "$(TARGET_NAME)";
				SWIFT_EMIT_LOC_STRINGS = YES;
				SWIFT_VERSION = 5.0;
				TARGETED_DEVICE_FAMILY = "1,2";
			};
			name = Debug;
		};
		FA0E60C029D9706700B8FD08 /* Release */ = {
			isa = XCBuildConfiguration;
			buildSettings = {
				ASSETCATALOG_COMPILER_APPICON_NAME = AppIcon;
				ASSETCATALOG_COMPILER_GLOBAL_ACCENT_COLOR_NAME = AccentColor;
				CODE_SIGN_STYLE = Automatic;
				CURRENT_PROJECT_VERSION = 1;
				DEVELOPMENT_TEAM = K6BJ9JXQPF;
				GENERATE_INFOPLIST_FILE = YES;
				INFOPLIST_FILE = "MM Purchase/Info.plist";
				INFOPLIST_KEY_UIApplicationSupportsIndirectInputEvents = YES;
				INFOPLIST_KEY_UILaunchStoryboardName = LaunchScreen;
				INFOPLIST_KEY_UIMainStoryboardFile = Main;
				INFOPLIST_KEY_UISupportedInterfaceOrientations = UIInterfaceOrientationPortrait;
				INFOPLIST_KEY_UISupportedInterfaceOrientations_iPad = "UIInterfaceOrientationPortrait UIInterfaceOrientationPortraitUpsideDown UIInterfaceOrientationLandscapeLeft UIInterfaceOrientationLandscapeRight";
				INFOPLIST_KEY_UISupportedInterfaceOrientations_iPhone = "UIInterfaceOrientationPortrait UIInterfaceOrientationLandscapeLeft UIInterfaceOrientationLandscapeRight";
				IPHONEOS_DEPLOYMENT_TARGET = 15.0;
				LD_RUNPATH_SEARCH_PATHS = (
					"$(inherited)",
					"@executable_path/Frameworks",
				);
				MARKETING_VERSION = 1.0;
				PRODUCT_BUNDLE_IDENTIFIER = "com.systemsApp.MM-Purchase";
				PRODUCT_NAME = "$(TARGET_NAME)";
				SWIFT_EMIT_LOC_STRINGS = YES;
				SWIFT_VERSION = 5.0;
				TARGETED_DEVICE_FAMILY = "1,2";
			};
			name = Release;
		};
/* End XCBuildConfiguration section */

/* Begin XCConfigurationList section */
		FA0E60A529D9706500B8FD08 /* Build configuration list for PBXProject "MM Purchase" */ = {
			isa = XCConfigurationList;
			buildConfigurations = (
				FA0E60BC29D9706700B8FD08 /* Debug */,
				FA0E60BD29D9706700B8FD08 /* Release */,
			);
			defaultConfigurationIsVisible = 0;
			defaultConfigurationName = Release;
		};
		FA0E60BE29D9706700B8FD08 /* Build configuration list for PBXNativeTarget "MM Purchase" */ = {
			isa = XCConfigurationList;
			buildConfigurations = (
				FA0E60BF29D9706700B8FD08 /* Debug */,
				FA0E60C029D9706700B8FD08 /* Release */,
			);
			defaultConfigurationIsVisible = 0;
			defaultConfigurationName = Release;
		};
/* End XCConfigurationList section */
	};
	rootObject = FA0E60A229D9706500B8FD08 /* Project object */;
}
